// !$*UTF8*$!
{
	archiveVersion = 1;
	classes = {
	};
	objectVersion = 46;
	objects = {

/* Begin PBXBuildFile section */
		EA9C8A631D69B5F9004E334A /* AppDelegate.swift in Sources */ = {isa = PBXBuildFile; fileRef = EA9C8A621D69B5F9004E334A /* AppDelegate.swift */; };
		EA9C8A651D69B5F9004E334A /* ViewController.swift in Sources */ = {isa = PBXBuildFile; fileRef = EA9C8A641D69B5F9004E334A /* ViewController.swift */; };
		EA9C8A681D69B5F9004E334A /* Main.storyboard in Resources */ = {isa = PBXBuildFile; fileRef = EA9C8A661D69B5F9004E334A /* Main.storyboard */; };
		EA9C8A6A1D69B5F9004E334A /* Assets.xcassets in Resources */ = {isa = PBXBuildFile; fileRef = EA9C8A691D69B5F9004E334A /* Assets.xcassets */; };
		EA9C8A6D1D69B5F9004E334A /* LaunchScreen.storyboard in Resources */ = {isa = PBXBuildFile; fileRef = EA9C8A6B1D69B5F9004E334A /* LaunchScreen.storyboard */; };
/* End PBXBuildFile section */

/* Begin PBXFileReference section */
		EA9C8A5F1D69B5F9004E334A /* ATS-Check-iOS-Full_ATS.app */ = {isa = PBXFileReference; explicitFileType = wrapper.application; includeInIndex = 0; path = "ATS-Check-iOS-Full_ATS.app"; sourceTree = BUILT_PRODUCTS_DIR; };
		EA9C8A621D69B5F9004E334A /* AppDelegate.swift */ = {isa = PBXFileReference; lastKnownFileType = sourcecode.swift; path = AppDelegate.swift; sourceTree = "<group>"; };
		EA9C8A641D69B5F9004E334A /* ViewController.swift */ = {isa = PBXFileReference; lastKnownFileType = sourcecode.swift; path = ViewController.swift; sourceTree = "<group>"; };
		EA9C8A671D69B5F9004E334A /* Base */ = {isa = PBXFileReference; lastKnownFileType = file.storyboard; name = Base; path = Base.lproj/Main.storyboard; sourceTree = "<group>"; };
		EA9C8A691D69B5F9004E334A /* Assets.xcassets */ = {isa = PBXFileReference; lastKnownFileType = folder.assetcatalog; path = Assets.xcassets; sourceTree = "<group>"; };
		EA9C8A6C1D69B5F9004E334A /* Base */ = {isa = PBXFileReference; lastKnownFileType = file.storyboard; name = Base; path = Base.lproj/LaunchScreen.storyboard; sourceTree = "<group>"; };
		EA9C8A6E1D69B5F9004E334A /* Info.plist */ = {isa = PBXFileReference; lastKnownFileType = text.plist.xml; path = Info.plist; sourceTree = "<group>"; };
/* End PBXFileReference section */

/* Begin PBXFrameworksBuildPhase section */
		EA9C8A5C1D69B5F9004E334A /* Frameworks */ = {
			isa = PBXFrameworksBuildPhase;
			buildActionMask = 2147483647;
			files = (
			);
			runOnlyForDeploymentPostprocessing = 0;
		};
/* End PBXFrameworksBuildPhase section */

/* Begin PBXGroup section */
		EA9C8A561D69B5F9004E334A = {
			isa = PBXGroup;
			children = (
				EA9C8A611D69B5F9004E334A /* ATS-Check-iOS-Full_ATS */,
				EA9C8A601D69B5F9004E334A /* Products */,
			);
			sourceTree = "<group>";
		};
		EA9C8A601D69B5F9004E334A /* Products */ = {
			isa = PBXGroup;
			children = (
				EA9C8A5F1D69B5F9004E334A /* ATS-Check-iOS-Full_ATS.app */,
			);
			name = Products;
			sourceTree = "<group>";
		};
		EA9C8A611D69B5F9004E334A /* ATS-Check-iOS-Full_ATS */ = {
			isa = PBXGroup;
			children = (
				EA9C8A621D69B5F9004E334A /* AppDelegate.swift */,
				EA9C8A641D69B5F9004E334A /* ViewController.swift */,
				EA9C8A661D69B5F9004E334A /* Main.storyboard */,
				EA9C8A691D69B5F9004E334A /* Assets.xcassets */,
				EA9C8A6B1D69B5F9004E334A /* LaunchScreen.storyboard */,
				EA9C8A6E1D69B5F9004E334A /* Info.plist */,
			);
			path = "ATS-Check-iOS-Full_ATS";
			sourceTree = "<group>";
		};
/* End PBXGroup section */

/* Begin PBXNativeTarget section */
		EA9C8A5E1D69B5F9004E334A /* ATS-Check-iOS-Full_ATS */ = {
			isa = PBXNativeTarget;
			buildConfigurationList = EA9C8A711D69B5F9004E334A /* Build configuration list for PBXNativeTarget "ATS-Check-iOS-Full_ATS" */;
			buildPhases = (
				EA9C8A5B1D69B5F9004E334A /* Sources */,
				EA9C8A5C1D69B5F9004E334A /* Frameworks */,
				EA9C8A5D1D69B5F9004E334A /* Resources */,
			);
			buildRules = (
			);
			dependencies = (
			);
			name = "ATS-Check-iOS-Full_ATS";
			productName = "ATS-Check-iOS-Full_ATS";
			productReference = EA9C8A5F1D69B5F9004E334A /* ATS-Check-iOS-Full_ATS.app */;
			productType = "com.apple.product-type.application";
		};
/* End PBXNativeTarget section */

/* Begin PBXProject section */
		EA9C8A571D69B5F9004E334A /* Project object */ = {
			isa = PBXProject;
			attributes = {
				LastSwiftUpdateCheck = 0730;
				LastUpgradeCheck = 0730;
				ORGANIZATIONNAME = ysmdsty;
				TargetAttributes = {
					EA9C8A5E1D69B5F9004E334A = {
						CreatedOnToolsVersion = 7.3.1;
					};
				};
			};
			buildConfigurationList = EA9C8A5A1D69B5F9004E334A /* Build configuration list for PBXProject "ATS-Check-iOS-Full_ATS" */;
			compatibilityVersion = "Xcode 3.2";
			developmentRegion = English;
			hasScannedForEncodings = 0;
			knownRegions = (
				en,
				Base,
			);
			mainGroup = EA9C8A561D69B5F9004E334A;
			productRefGroup = EA9C8A601D69B5F9004E334A /* Products */;
			projectDirPath = "";
			projectRoot = "";
			targets = (
				EA9C8A5E1D69B5F9004E334A /* ATS-Check-iOS-Full_ATS */,
			);
		};
/* End PBXProject section */

/* Begin PBXResourcesBuildPhase section */
		EA9C8A5D1D69B5F9004E334A /* Resources */ = {
			isa = PBXResourcesBuildPhase;
			buildActionMask = 2147483647;
			files = (
				EA9C8A6D1D69B5F9004E334A /* LaunchScreen.storyboard in Resources */,
				EA9C8A6A1D69B5F9004E334A /* Assets.xcassets in Resources */,
				EA9C8A681D69B5F9004E334A /* Main.storyboard in Resources */,
			);
			runOnlyForDeploymentPostprocessing = 0;
		};
/* End PBXResourcesBuildPhase section */

/* Begin PBXSourcesBuildPhase section */
		EA9C8A5B1D69B5F9004E334A /* Sources */ = {
			isa = PBXSourcesBuildPhase;
			buildActionMask = 2147483647;
			files = (
				EA9C8A651D69B5F9004E334A /* ViewController.swift in Sources */,
				EA9C8A631D69B5F9004E334A /* AppDelegate.swift in Sources */,
			);
			runOnlyForDeploymentPostprocessing = 0;
		};
/* End PBXSourcesBuildPhase section */

/* Begin PBXVariantGroup section */
		EA9C8A661D69B5F9004E334A /* Main.storyboard */ = {
			isa = PBXVariantGroup;
			children = (
				EA9C8A671D69B5F9004E334A /* Base */,
			);
			name = Main.storyboard;
			sourceTree = "<group>";
		};
		EA9C8A6B1D69B5F9004E334A /* LaunchScreen.storyboard */ = {
			isa = PBXVariantGroup;
			children = (
				EA9C8A6C1D69B5F9004E334A /* Base */,
			);
			name = LaunchScreen.storyboard;
			sourceTree = "<group>";
		};
/* End PBXVariantGroup section */

/* Begin XCBuildConfiguration section */
		EA9C8A6F1D69B5F9004E334A /* Debug */ = {
			isa = XCBuildConfiguration;
			buildSettings = {
				ALWAYS_SEARCH_USER_PATHS = NO;
				CLANG_ANALYZER_NONNULL = YES;
				CLANG_CXX_LANGUAGE_STANDARD = "gnu++0x";
				CLANG_CXX_LIBRARY = "libc++";
				CLANG_ENABLE_MODULES = YES;
				CLANG_ENABLE_OBJC_ARC = YES;
				CLANG_WARN_BOOL_CONVERSION = YES;
				CLANG_WARN_CONSTANT_CONVERSION = YES;
				CLANG_WARN_DIRECT_OBJC_ISA_USAGE = YES_ERROR;
				CLANG_WARN_EMPTY_BODY = YES;
				CLANG_WARN_ENUM_CONVERSION = YES;
				CLANG_WARN_INT_CONVERSION = YES;
				CLANG_WARN_OBJC_ROOT_CLASS = YES_ERROR;
				CLANG_WARN_UNREACHABLE_CODE = YES;
				CLANG_WARN__DUPLICATE_METHOD_MATCH = YES;
				"CODE_SIGN_IDENTITY[sdk=iphoneos*]" = "iPhone Developer";
				COPY_PHASE_STRIP = NO;
				DEBUG_INFORMATION_FORMAT = dwarf;
				ENABLE_STRICT_OBJC_MSGSEND = YES;
				ENABLE_TESTABILITY = YES;
				GCC_C_LANGUAGE_STANDARD = gnu99;
				GCC_DYNAMIC_NO_PIC = NO;
				GCC_NO_COMMON_BLOCKS = YES;
				GCC_OPTIMIZATION_LEVEL = 0;
				GCC_PREPROCESSOR_DEFINITIONS = (
					"DEBUG=1",
					"$(inherited)",
				);
				GCC_WARN_64_TO_32_BIT_CONVERSION = YES;
				GCC_WARN_ABOUT_RETURN_TYPE = YES_ERROR;
				GCC_WARN_UNDECLARED_SELECTOR = YES;
				GCC_WARN_UNINITIALIZED_AUTOS = YES_AGGRESSIVE;
				GCC_WARN_UNUSED_FUNCTION = YES;
				GCC_WARN_UNUSED_VARIABLE = YES;
				IPHONEOS_DEPLOYMENT_TARGET = 9.3;
				MTL_ENABLE_DEBUG_INFO = YES;
				ONLY_ACTIVE_ARCH = YES;
				SDKROOT = iphoneos;
				SWIFT_OPTIMIZATION_LEVEL = "-Onone";
			};
			name = Debug;
		};
		EA9C8A701D69B5F9004E334A /* Release */ = {
			isa = XCBuildConfiguration;
			buildSettings = {
				ALWAYS_SEARCH_USER_PATHS = NO;
				CLANG_ANALYZER_NONNULL = YES;
				CLANG_CXX_LANGUAGE_STANDARD = "gnu++0x";
				CLANG_CXX_LIBRARY = "libc++";
				CLANG_ENABLE_MODULES = YES;
				CLANG_ENABLE_OBJC_ARC = YES;
				CLANG_WARN_BOOL_CONVERSION = YES;
				CLANG_WARN_CONSTANT_CONVERSION = YES;
				CLANG_WARN_DIRECT_OBJC_ISA_USAGE = YES_ERROR;
				CLANG_WARN_EMPTY_BODY = YES;
				CLANG_WARN_ENUM_CONVERSION = YES;
				CLANG_WARN_INT_CONVERSION = YES;
				CLANG_WARN_OBJC_ROOT_CLASS = YES_ERROR;
				CLANG_WARN_UNREACHABLE_CODE = YES;
				CLANG_WARN__DUPLICATE_METHOD_MATCH = YES;
				"CODE_SIGN_IDENTITY[sdk=iphoneos*]" = "iPhone Developer";
				COPY_PHASE_STRIP = NO;
				DEBUG_INFORMATION_FORMAT = "dwarf-with-dsym";
				ENABLE_NS_ASSERTIONS = NO;
				ENABLE_STRICT_OBJC_MSGSEND = YES;
				GCC_C_LANGUAGE_STANDARD = gnu99;
				GCC_NO_COMMON_BLOCKS = YES;
				GCC_WARN_64_TO_32_BIT_CONVERSION = YES;
				GCC_WARN_ABOUT_RETURN_TYPE = YES_ERROR;
				GCC_WARN_UNDECLARED_SELECTOR = YES;
				GCC_WARN_UNINITIALIZED_AUTOS = YES_AGGRESSIVE;
				GCC_WARN_UNUSED_FUNCTION = YES;
				GCC_WARN_UNUSED_VARIABLE = YES;
				IPHONEOS_DEPLOYMENT_TARGET = 9.3;
				MTL_ENABLE_DEBUG_INFO = NO;
				SDKROOT = iphoneos;
				VALIDATE_PRODUCT = YES;
			};
			name = Release;
		};
		EA9C8A721D69B5F9004E334A /* Debug */ = {
			isa = XCBuildConfiguration;
			buildSettings = {
				ASSETCATALOG_COMPILER_APPICON_NAME = AppIcon;
				INFOPLIST_FILE = "ATS-Check-iOS-Full_ATS/Info.plist";
				LD_RUNPATH_SEARCH_PATHS = "$(inherited) @executable_path/Frameworks";
				PRODUCT_BUNDLE_IDENTIFIER = "jp.ysmdsty.ATS-Check-iOS-Full-ATS";
				PRODUCT_NAME = "$(TARGET_NAME)";
			};
			name = Debug;
		};
		EA9C8A731D69B5F9004E334A /* Release */ = {
			isa = XCBuildConfiguration;
			buildSettings = {
				ASSETCATALOG_COMPILER_APPICON_NAME = AppIcon;
				INFOPLIST_FILE = "ATS-Check-iOS-Full_ATS/Info.plist";
				LD_RUNPATH_SEARCH_PATHS = "$(inherited) @executable_path/Frameworks";
				PRODUCT_BUNDLE_IDENTIFIER = "jp.ysmdsty.ATS-Check-iOS-Full-ATS";
				PRODUCT_NAME = "$(TARGET_NAME)";
			};
			name = Release;
		};
/* End XCBuildConfiguration section */

/* Begin XCConfigurationList section */
		EA9C8A5A1D69B5F9004E334A /* Build configuration list for PBXProject "ATS-Check-iOS-Full_ATS" */ = {
			isa = XCConfigurationList;
			buildConfigurations = (
				EA9C8A6F1D69B5F9004E334A /* Debug */,
				EA9C8A701D69B5F9004E334A /* Release */,
			);
			defaultConfigurationIsVisible = 0;
			defaultConfigurationName = Release;
		};
		EA9C8A711D69B5F9004E334A /* Build configuration list for PBXNativeTarget "ATS-Check-iOS-Full_ATS" */ = {
			isa = XCConfigurationList;
			buildConfigurations = (
				EA9C8A721D69B5F9004E334A /* Debug */,
				EA9C8A731D69B5F9004E334A /* Release */,
			);
			defaultConfigurationIsVisible = 0;
		};
/* End XCConfigurationList section */
	};
	rootObject = EA9C8A571D69B5F9004E334A /* Project object */;
}
